
Microsoft Visual Studio Solution File, Format Version 12.00
# Visual Studio Version 16
VisualStudioVersion = 16.0.31624.102
MinimumVisualStudioVersion = 10.0.40219.1
Project("{FAE04EC0-301F-11D3-BF4B-00C04F79EFBC}") = "vartikaAppService12", "vartikaAppService12\vartikaAppService12.csproj", "{A3B2AFB1-7A84-4988-83F5-FC3A258B15EB}"
EndProject
Global
	GlobalSection(SolutionConfigurationPlatforms) = preSolution
		Debug|Any CPU = Debug|Any CPU
		Release|Any CPU = Release|Any CPU
	EndGlobalSection
	GlobalSection(ProjectConfigurationPlatforms) = postSolution
		{A3B2AFB1-7A84-4988-83F5-FC3A258B15EB}.Debug|Any CPU.ActiveCfg = Debug|Any CPU
		{A3B2AFB1-7A84-4988-83F5-FC3A258B15EB}.Debug|Any CPU.Build.0 = Debug|Any CPU
		{A3B2AFB1-7A84-4988-83F5-FC3A258B15EB}.Release|Any CPU.ActiveCfg = Release|Any CPU
		{A3B2AFB1-7A84-4988-83F5-FC3A258B15EB}.Release|Any CPU.Build.0 = Release|Any CPU
	EndGlobalSection
	GlobalSection(SolutionProperties) = preSolution
		HideSolutionNode = FALSE
	EndGlobalSection
	GlobalSection(ExtensibilityGlobals) = postSolution
		SolutionGuid = {84EFC0A7-49D9-4761-A59C-40BE48EFB775}
	EndGlobalSection
EndGlobal
